
Microsoft Visual Studio Solution File, Format Version 12.00
# Visual Studio Version 17
VisualStudioVersion = 17.10.35013.160
MinimumVisualStudioVersion = 10.0.40219.1
Project("{FAE04EC0-301F-11D3-BF4B-00C04F79EFBC}") = "EnumAssignment", "EnumAssignment.csproj", "{DACFB83F-4C3F-4B52-B0C9-94BEA8EA0ABD}"
EndProject
Global
	GlobalSection(SolutionConfigurationPlatforms) = preSolution
		Debug|Any CPU = Debug|Any CPU
		Release|Any CPU = Release|Any CPU
	EndGlobalSection
	GlobalSection(ProjectConfigurationPlatforms) = postSolution
		{DACFB83F-4C3F-4B52-B0C9-94BEA8EA0ABD}.Debug|Any CPU.ActiveCfg = Debug|Any CPU
		{DACFB83F-4C3F-4B52-B0C9-94BEA8EA0ABD}.Debug|Any CPU.Build.0 = Debug|Any CPU
		{DACFB83F-4C3F-4B52-B0C9-94BEA8EA0ABD}.Release|Any CPU.ActiveCfg = Release|Any CPU
		{DACFB83F-4C3F-4B52-B0C9-94BEA8EA0ABD}.Release|Any CPU.Build.0 = Release|Any CPU
	EndGlobalSection
	GlobalSection(SolutionProperties) = preSolution
		HideSolutionNode = FALSE
	EndGlobalSection
	GlobalSection(ExtensibilityGlobals) = postSolution
		SolutionGuid = {C3C6D002-182D-48BD-8173-3322AABD2530}
	EndGlobalSection
EndGlobal
